
Microsoft Visual Studio Solution File, Format Version 12.00
# Visual Studio Version 16
VisualStudioVersion = 16.0.31321.278
MinimumVisualStudioVersion = 10.0.40219.1
Project("{FAE04EC0-301F-11D3-BF4B-00C04F79EFBC}") = "CashExchange", "CashExchange\CashExchange.csproj", "{932D4CA4-19C7-4D41-8AB5-E88B2BE8E5E7}"
EndProject
Global
	GlobalSection(SolutionConfigurationPlatforms) = preSolution
		Debug|Any CPU = Debug|Any CPU
		Release|Any CPU = Release|Any CPU
	EndGlobalSection
	GlobalSection(ProjectConfigurationPlatforms) = postSolution
		{932D4CA4-19C7-4D41-8AB5-E88B2BE8E5E7}.Debug|Any CPU.ActiveCfg = Debug|Any CPU
		{932D4CA4-19C7-4D41-8AB5-E88B2BE8E5E7}.Debug|Any CPU.Build.0 = Debug|Any CPU
		{932D4CA4-19C7-4D41-8AB5-E88B2BE8E5E7}.Release|Any CPU.ActiveCfg = Release|Any CPU
		{932D4CA4-19C7-4D41-8AB5-E88B2BE8E5E7}.Release|Any CPU.Build.0 = Release|Any CPU
	EndGlobalSection
	GlobalSection(SolutionProperties) = preSolution
		HideSolutionNode = FALSE
	EndGlobalSection
	GlobalSection(ExtensibilityGlobals) = postSolution
		SolutionGuid = {6DE6B688-92A1-4EC7-A59E-9F9EBB464F11}
	EndGlobalSection
EndGlobal
